
Microsoft Visual Studio Solution File, Format Version 12.00
# Visual Studio Version 16
VisualStudioVersion = 16.0.29409.12
MinimumVisualStudioVersion = 10.0.40219.1
Project("{FAE04EC0-301F-11D3-BF4B-00C04F79EFBC}") = "test Easy.MessageHub", "test Easy.MessageHub\test Easy.MessageHub.csproj", "{517B2B90-CA30-4F30-A80C-75FBD4E3A89E}"
EndProject
Global
	GlobalSection(SolutionConfigurationPlatforms) = preSolution
		Debug|Any CPU = Debug|Any CPU
		Release|Any CPU = Release|Any CPU
	EndGlobalSection
	GlobalSection(ProjectConfigurationPlatforms) = postSolution
		{517B2B90-CA30-4F30-A80C-75FBD4E3A89E}.Debug|Any CPU.ActiveCfg = Debug|Any CPU
		{517B2B90-CA30-4F30-A80C-75FBD4E3A89E}.Debug|Any CPU.Build.0 = Debug|Any CPU
		{517B2B90-CA30-4F30-A80C-75FBD4E3A89E}.Release|Any CPU.ActiveCfg = Release|Any CPU
		{517B2B90-CA30-4F30-A80C-75FBD4E3A89E}.Release|Any CPU.Build.0 = Release|Any CPU
	EndGlobalSection
	GlobalSection(SolutionProperties) = preSolution
		HideSolutionNode = FALSE
	EndGlobalSection
	GlobalSection(ExtensibilityGlobals) = postSolution
		SolutionGuid = {9E6F25DF-91FB-4A13-8430-30162417DD1C}
	EndGlobalSection
EndGlobal
