
Microsoft Visual Studio Solution File, Format Version 12.00
# Visual Studio 15
VisualStudioVersion = 15.0.27428.2043
MinimumVisualStudioVersion = 10.0.40219.1
Project("{FAE04EC0-301F-11D3-BF4B-00C04F79EFBC}") = "test rabbit mq with queues", "test rabbit mq with queues\test rabbit mq with queues.csproj", "{0AB709BF-A52F-4CC5-8274-1FAA27AEE25D}"
EndProject
Project("{FAE04EC0-301F-11D3-BF4B-00C04F79EFBC}") = "WindowsService1", "WindowsService1\WindowsService1.csproj", "{6FEA5FB5-ADFC-4F21-9A75-94043CC09836}"
EndProject
Global
	GlobalSection(SolutionConfigurationPlatforms) = preSolution
		Debug|Any CPU = Debug|Any CPU
		Release|Any CPU = Release|Any CPU
	EndGlobalSection
	GlobalSection(ProjectConfigurationPlatforms) = postSolution
		{0AB709BF-A52F-4CC5-8274-1FAA27AEE25D}.Debug|Any CPU.ActiveCfg = Debug|Any CPU
		{0AB709BF-A52F-4CC5-8274-1FAA27AEE25D}.Debug|Any CPU.Build.0 = Debug|Any CPU
		{0AB709BF-A52F-4CC5-8274-1FAA27AEE25D}.Release|Any CPU.ActiveCfg = Release|Any CPU
		{0AB709BF-A52F-4CC5-8274-1FAA27AEE25D}.Release|Any CPU.Build.0 = Release|Any CPU
		{6FEA5FB5-ADFC-4F21-9A75-94043CC09836}.Debug|Any CPU.ActiveCfg = Debug|Any CPU
		{6FEA5FB5-ADFC-4F21-9A75-94043CC09836}.Debug|Any CPU.Build.0 = Debug|Any CPU
		{6FEA5FB5-ADFC-4F21-9A75-94043CC09836}.Release|Any CPU.ActiveCfg = Release|Any CPU
		{6FEA5FB5-ADFC-4F21-9A75-94043CC09836}.Release|Any CPU.Build.0 = Release|Any CPU
	EndGlobalSection
	GlobalSection(SolutionProperties) = preSolution
		HideSolutionNode = FALSE
	EndGlobalSection
	GlobalSection(ExtensibilityGlobals) = postSolution
		SolutionGuid = {468CBA74-3F64-486E-B567-ECD55DB619CB}
	EndGlobalSection
EndGlobal
