
Microsoft Visual Studio Solution File, Format Version 12.00
# Visual Studio 15
VisualStudioVersion = 15.0.27428.2043
MinimumVisualStudioVersion = 10.0.40219.1
Project("{FAE04EC0-301F-11D3-BF4B-00C04F79EFBC}") = "test web rabbit mq", "test web rabbit mq\test web rabbit mq.csproj", "{262396D0-7DBC-4EAC-BDC6-B03469313111}"
EndProject
Project("{FAE04EC0-301F-11D3-BF4B-00C04F79EFBC}") = "Contracts", "Contracts\Contracts.csproj", "{B49891B1-AB40-4F25-947D-1170D10818D9}"
EndProject
Project("{FAE04EC0-301F-11D3-BF4B-00C04F79EFBC}") = "subscriber", "subscriber\subscriber.csproj", "{FCD108E4-1EB1-47EB-A98B-EDDD8FABF87B}"
EndProject
Global
	GlobalSection(SolutionConfigurationPlatforms) = preSolution
		Debug|Any CPU = Debug|Any CPU
		Release|Any CPU = Release|Any CPU
	EndGlobalSection
	GlobalSection(ProjectConfigurationPlatforms) = postSolution
		{262396D0-7DBC-4EAC-BDC6-B03469313111}.Debug|Any CPU.ActiveCfg = Debug|Any CPU
		{262396D0-7DBC-4EAC-BDC6-B03469313111}.Debug|Any CPU.Build.0 = Debug|Any CPU
		{262396D0-7DBC-4EAC-BDC6-B03469313111}.Release|Any CPU.ActiveCfg = Release|Any CPU
		{262396D0-7DBC-4EAC-BDC6-B03469313111}.Release|Any CPU.Build.0 = Release|Any CPU
		{B49891B1-AB40-4F25-947D-1170D10818D9}.Debug|Any CPU.ActiveCfg = Debug|Any CPU
		{B49891B1-AB40-4F25-947D-1170D10818D9}.Debug|Any CPU.Build.0 = Debug|Any CPU
		{B49891B1-AB40-4F25-947D-1170D10818D9}.Release|Any CPU.ActiveCfg = Release|Any CPU
		{B49891B1-AB40-4F25-947D-1170D10818D9}.Release|Any CPU.Build.0 = Release|Any CPU
		{FCD108E4-1EB1-47EB-A98B-EDDD8FABF87B}.Debug|Any CPU.ActiveCfg = Debug|Any CPU
		{FCD108E4-1EB1-47EB-A98B-EDDD8FABF87B}.Debug|Any CPU.Build.0 = Debug|Any CPU
		{FCD108E4-1EB1-47EB-A98B-EDDD8FABF87B}.Release|Any CPU.ActiveCfg = Release|Any CPU
		{FCD108E4-1EB1-47EB-A98B-EDDD8FABF87B}.Release|Any CPU.Build.0 = Release|Any CPU
	EndGlobalSection
	GlobalSection(SolutionProperties) = preSolution
		HideSolutionNode = FALSE
	EndGlobalSection
	GlobalSection(ExtensibilityGlobals) = postSolution
		SolutionGuid = {229E118F-9447-400B-99B3-E73543E583E1}
	EndGlobalSection
EndGlobal
