
Microsoft Visual Studio Solution File, Format Version 12.00
# Visual Studio 2013
VisualStudioVersion = 12.0.21005.1
MinimumVisualStudioVersion = 10.0.40219.1
Project("{2150E333-8FDC-42A3-9474-1A3956D46DE8}") = "Lookups", "Lookups", "{74120655-9D18-4563-B77D-7AF0A8C66716}"
EndProject
Project("{2150E333-8FDC-42A3-9474-1A3956D46DE8}") = "Pharmacy", "Pharmacy", "{2200BA49-8178-4B67-8E6E-0BFDE72CAE83}"
EndProject
Project("{2150E333-8FDC-42A3-9474-1A3956D46DE8}") = "UserManagement", "UserManagement", "{9841BFF1-79C1-4C1F-B25F-4A38711A8447}"
EndProject
Project("{2150E333-8FDC-42A3-9474-1A3956D46DE8}") = "Operations", "Operations", "{F6528537-3F57-4059-8721-589DE2BD283F}"
EndProject
Project("{FAE04EC0-301F-11D3-BF4B-00C04F79EFBC}") = "Operations.DAL", "Operations.DAL\Operations.DAL.csproj", "{ADC4B6A2-5266-4F01-9D7B-DEC97C6F01A4}"
EndProject
Project("{FAE04EC0-301F-11D3-BF4B-00C04F79EFBC}") = "Operations.UI", "Operations.UI\Operations.UI.csproj", "{F8BEBD36-7399-4036-98FE-20C39A797685}"
EndProject
Project("{FAE04EC0-301F-11D3-BF4B-00C04F79EFBC}") = "Lookups.UI", "Lookups.UI\Lookups.UI.csproj", "{D8BB847E-51BD-4098-9E00-72729CE7FEA0}"
EndProject
Project("{FAE04EC0-301F-11D3-BF4B-00C04F79EFBC}") = "Lookups.DAL", "Lookups.DAL\Lookups.DAL.csproj", "{A8AC6CCA-85FE-4CFE-B48E-44F4F4E0E2CD}"
EndProject
Project("{FAE04EC0-301F-11D3-BF4B-00C04F79EFBC}") = "Pharmacy.DAL", "Pharmacy.DAL\Pharmacy.DAL.csproj", "{B2C360FD-E58B-4CD9-A1A4-29453B7956DC}"
EndProject
Project("{FAE04EC0-301F-11D3-BF4B-00C04F79EFBC}") = "Pharmacy.UI", "Pharmacy.UI\Pharmacy.UI.csproj", "{14E7F788-19C0-4CDC-988A-007104DF41EB}"
EndProject
Project("{FAE04EC0-301F-11D3-BF4B-00C04F79EFBC}") = "UserManagement.UI", "UserManagement.UI\UserManagement.UI.csproj", "{08B80B6B-56B6-44BC-BED6-3CECD1F17275}"
EndProject
Project("{FAE04EC0-301F-11D3-BF4B-00C04F79EFBC}") = "UserManagement.DAL", "UserManagement.DAL\UserManagement.DAL.csproj", "{ABAB6126-8A86-4C2A-8436-58E8E3A0CE08}"
EndProject
Project("{2150E333-8FDC-42A3-9474-1A3956D46DE8}") = "Common", "Common", "{5694066D-FBC1-4CF3-AC4A-FC3258FEEBF1}"
EndProject
Project("{FAE04EC0-301F-11D3-BF4B-00C04F79EFBC}") = "Contracts", "Contracts\Contracts.csproj", "{0AF54CAD-894D-4F0B-B9A9-E0E8ADBEFA19}"
EndProject
Project("{FAE04EC0-301F-11D3-BF4B-00C04F79EFBC}") = "Common.RabbitMQ", "Common.RabbitMQ\Common.RabbitMQ.csproj", "{7ED2AC6A-ACB6-4B87-A45B-3DEA279F5188}"
EndProject
Global
	GlobalSection(SolutionConfigurationPlatforms) = preSolution
		Debug|Any CPU = Debug|Any CPU
		Release|Any CPU = Release|Any CPU
	EndGlobalSection
	GlobalSection(ProjectConfigurationPlatforms) = postSolution
		{ADC4B6A2-5266-4F01-9D7B-DEC97C6F01A4}.Debug|Any CPU.ActiveCfg = Debug|Any CPU
		{ADC4B6A2-5266-4F01-9D7B-DEC97C6F01A4}.Debug|Any CPU.Build.0 = Debug|Any CPU
		{ADC4B6A2-5266-4F01-9D7B-DEC97C6F01A4}.Release|Any CPU.ActiveCfg = Release|Any CPU
		{ADC4B6A2-5266-4F01-9D7B-DEC97C6F01A4}.Release|Any CPU.Build.0 = Release|Any CPU
		{F8BEBD36-7399-4036-98FE-20C39A797685}.Debug|Any CPU.ActiveCfg = Debug|Any CPU
		{F8BEBD36-7399-4036-98FE-20C39A797685}.Debug|Any CPU.Build.0 = Debug|Any CPU
		{F8BEBD36-7399-4036-98FE-20C39A797685}.Release|Any CPU.ActiveCfg = Release|Any CPU
		{F8BEBD36-7399-4036-98FE-20C39A797685}.Release|Any CPU.Build.0 = Release|Any CPU
		{D8BB847E-51BD-4098-9E00-72729CE7FEA0}.Debug|Any CPU.ActiveCfg = Debug|Any CPU
		{D8BB847E-51BD-4098-9E00-72729CE7FEA0}.Debug|Any CPU.Build.0 = Debug|Any CPU
		{D8BB847E-51BD-4098-9E00-72729CE7FEA0}.Release|Any CPU.ActiveCfg = Release|Any CPU
		{D8BB847E-51BD-4098-9E00-72729CE7FEA0}.Release|Any CPU.Build.0 = Release|Any CPU
		{A8AC6CCA-85FE-4CFE-B48E-44F4F4E0E2CD}.Debug|Any CPU.ActiveCfg = Debug|Any CPU
		{A8AC6CCA-85FE-4CFE-B48E-44F4F4E0E2CD}.Debug|Any CPU.Build.0 = Debug|Any CPU
		{A8AC6CCA-85FE-4CFE-B48E-44F4F4E0E2CD}.Release|Any CPU.ActiveCfg = Release|Any CPU
		{A8AC6CCA-85FE-4CFE-B48E-44F4F4E0E2CD}.Release|Any CPU.Build.0 = Release|Any CPU
		{B2C360FD-E58B-4CD9-A1A4-29453B7956DC}.Debug|Any CPU.ActiveCfg = Debug|Any CPU
		{B2C360FD-E58B-4CD9-A1A4-29453B7956DC}.Debug|Any CPU.Build.0 = Debug|Any CPU
		{B2C360FD-E58B-4CD9-A1A4-29453B7956DC}.Release|Any CPU.ActiveCfg = Release|Any CPU
		{B2C360FD-E58B-4CD9-A1A4-29453B7956DC}.Release|Any CPU.Build.0 = Release|Any CPU
		{14E7F788-19C0-4CDC-988A-007104DF41EB}.Debug|Any CPU.ActiveCfg = Debug|Any CPU
		{14E7F788-19C0-4CDC-988A-007104DF41EB}.Debug|Any CPU.Build.0 = Debug|Any CPU
		{14E7F788-19C0-4CDC-988A-007104DF41EB}.Release|Any CPU.ActiveCfg = Release|Any CPU
		{14E7F788-19C0-4CDC-988A-007104DF41EB}.Release|Any CPU.Build.0 = Release|Any CPU
		{08B80B6B-56B6-44BC-BED6-3CECD1F17275}.Debug|Any CPU.ActiveCfg = Debug|Any CPU
		{08B80B6B-56B6-44BC-BED6-3CECD1F17275}.Debug|Any CPU.Build.0 = Debug|Any CPU
		{08B80B6B-56B6-44BC-BED6-3CECD1F17275}.Release|Any CPU.ActiveCfg = Release|Any CPU
		{08B80B6B-56B6-44BC-BED6-3CECD1F17275}.Release|Any CPU.Build.0 = Release|Any CPU
		{ABAB6126-8A86-4C2A-8436-58E8E3A0CE08}.Debug|Any CPU.ActiveCfg = Debug|Any CPU
		{ABAB6126-8A86-4C2A-8436-58E8E3A0CE08}.Debug|Any CPU.Build.0 = Debug|Any CPU
		{ABAB6126-8A86-4C2A-8436-58E8E3A0CE08}.Release|Any CPU.ActiveCfg = Release|Any CPU
		{ABAB6126-8A86-4C2A-8436-58E8E3A0CE08}.Release|Any CPU.Build.0 = Release|Any CPU
		{0AF54CAD-894D-4F0B-B9A9-E0E8ADBEFA19}.Debug|Any CPU.ActiveCfg = Debug|Any CPU
		{0AF54CAD-894D-4F0B-B9A9-E0E8ADBEFA19}.Debug|Any CPU.Build.0 = Debug|Any CPU
		{0AF54CAD-894D-4F0B-B9A9-E0E8ADBEFA19}.Release|Any CPU.ActiveCfg = Release|Any CPU
		{0AF54CAD-894D-4F0B-B9A9-E0E8ADBEFA19}.Release|Any CPU.Build.0 = Release|Any CPU
		{7ED2AC6A-ACB6-4B87-A45B-3DEA279F5188}.Debug|Any CPU.ActiveCfg = Debug|Any CPU
		{7ED2AC6A-ACB6-4B87-A45B-3DEA279F5188}.Debug|Any CPU.Build.0 = Debug|Any CPU
		{7ED2AC6A-ACB6-4B87-A45B-3DEA279F5188}.Release|Any CPU.ActiveCfg = Release|Any CPU
		{7ED2AC6A-ACB6-4B87-A45B-3DEA279F5188}.Release|Any CPU.Build.0 = Release|Any CPU
	EndGlobalSection
	GlobalSection(SolutionProperties) = preSolution
		HideSolutionNode = FALSE
	EndGlobalSection
	GlobalSection(NestedProjects) = preSolution
		{D8BB847E-51BD-4098-9E00-72729CE7FEA0} = {74120655-9D18-4563-B77D-7AF0A8C66716}
		{A8AC6CCA-85FE-4CFE-B48E-44F4F4E0E2CD} = {74120655-9D18-4563-B77D-7AF0A8C66716}
		{B2C360FD-E58B-4CD9-A1A4-29453B7956DC} = {2200BA49-8178-4B67-8E6E-0BFDE72CAE83}
		{14E7F788-19C0-4CDC-988A-007104DF41EB} = {2200BA49-8178-4B67-8E6E-0BFDE72CAE83}
		{08B80B6B-56B6-44BC-BED6-3CECD1F17275} = {9841BFF1-79C1-4C1F-B25F-4A38711A8447}
		{ABAB6126-8A86-4C2A-8436-58E8E3A0CE08} = {9841BFF1-79C1-4C1F-B25F-4A38711A8447}
		{ADC4B6A2-5266-4F01-9D7B-DEC97C6F01A4} = {F6528537-3F57-4059-8721-589DE2BD283F}
		{F8BEBD36-7399-4036-98FE-20C39A797685} = {F6528537-3F57-4059-8721-589DE2BD283F}
		{0AF54CAD-894D-4F0B-B9A9-E0E8ADBEFA19} = {5694066D-FBC1-4CF3-AC4A-FC3258FEEBF1}
		{7ED2AC6A-ACB6-4B87-A45B-3DEA279F5188} = {5694066D-FBC1-4CF3-AC4A-FC3258FEEBF1}
	EndGlobalSection
EndGlobal
